
Microsoft Visual Studio Solution File, Format Version 12.00
# Visual Studio Version 16
VisualStudioVersion = 16.0.31321.278
MinimumVisualStudioVersion = 10.0.40219.1
Project("{FAE04EC0-301F-11D3-BF4B-00C04F79EFBC}") = "BookManager2506", "BookManager2506\BookManager2506.csproj", "{1CC3B426-4F15-428C-B814-03B7CF510823}"
EndProject
Global
	GlobalSection(SolutionConfigurationPlatforms) = preSolution
		Debug|Any CPU = Debug|Any CPU
		Release|Any CPU = Release|Any CPU
	EndGlobalSection
	GlobalSection(ProjectConfigurationPlatforms) = postSolution
		{1CC3B426-4F15-428C-B814-03B7CF510823}.Debug|Any CPU.ActiveCfg = Debug|Any CPU
		{1CC3B426-4F15-428C-B814-03B7CF510823}.Debug|Any CPU.Build.0 = Debug|Any CPU
		{1CC3B426-4F15-428C-B814-03B7CF510823}.Release|Any CPU.ActiveCfg = Release|Any CPU
		{1CC3B426-4F15-428C-B814-03B7CF510823}.Release|Any CPU.Build.0 = Release|Any CPU
	EndGlobalSection
	GlobalSection(SolutionProperties) = preSolution
		HideSolutionNode = FALSE
	EndGlobalSection
	GlobalSection(ExtensibilityGlobals) = postSolution
		SolutionGuid = {E71CE3B2-F984-4471-A1BE-9DE1A1BE47C5}
	EndGlobalSection
EndGlobal
